
Microsoft Visual Studio Solution File, Format Version 12.00
# Visual Studio Version 16
VisualStudioVersion = 16.0.30413.136
MinimumVisualStudioVersion = 10.0.40219.1
Project("{FAE04EC0-301F-11D3-BF4B-00C04F79EFBC}") = "Keyworder", "Keyworder\Keyworder.csproj", "{3829B296-D536-47FE-8CFB-CDE0650F2F68}"
EndProject
Project("{FAE04EC0-301F-11D3-BF4B-00C04F79EFBC}") = "KeyworderLib", "KeyworderLib\KeyworderLib.csproj", "{71D02573-7350-4081-BD8E-BF747D2A25C1}"
EndProject
Project("{FAE04EC0-301F-11D3-BF4B-00C04F79EFBC}") = "KeyworderLibTest", "KeyworderLibTest\KeyworderLibTest.csproj", "{019FE2E8-E735-4064-940E-6413B6CF1E23}"
EndProject
Project("{FAE04EC0-301F-11D3-BF4B-00C04F79EFBC}") = "KeyworderControls", "KeyworderControls\KeyworderControls.csproj", "{4A8A4CBA-EDB6-49EE-A518-FD68CD3934DE}"
EndProject
Global
	GlobalSection(SolutionConfigurationPlatforms) = preSolution
		Debug|Any CPU = Debug|Any CPU
		Release|Any CPU = Release|Any CPU
	EndGlobalSection
	GlobalSection(ProjectConfigurationPlatforms) = postSolution
		{3829B296-D536-47FE-8CFB-CDE0650F2F68}.Debug|Any CPU.ActiveCfg = Debug|Any CPU
		{3829B296-D536-47FE-8CFB-CDE0650F2F68}.Debug|Any CPU.Build.0 = Debug|Any CPU
		{3829B296-D536-47FE-8CFB-CDE0650F2F68}.Release|Any CPU.ActiveCfg = Release|Any CPU
		{3829B296-D536-47FE-8CFB-CDE0650F2F68}.Release|Any CPU.Build.0 = Release|Any CPU
		{71D02573-7350-4081-BD8E-BF747D2A25C1}.Debug|Any CPU.ActiveCfg = Debug|Any CPU
		{71D02573-7350-4081-BD8E-BF747D2A25C1}.Debug|Any CPU.Build.0 = Debug|Any CPU
		{71D02573-7350-4081-BD8E-BF747D2A25C1}.Release|Any CPU.ActiveCfg = Release|Any CPU
		{71D02573-7350-4081-BD8E-BF747D2A25C1}.Release|Any CPU.Build.0 = Release|Any CPU
		{019FE2E8-E735-4064-940E-6413B6CF1E23}.Debug|Any CPU.ActiveCfg = Debug|Any CPU
		{019FE2E8-E735-4064-940E-6413B6CF1E23}.Debug|Any CPU.Build.0 = Debug|Any CPU
		{019FE2E8-E735-4064-940E-6413B6CF1E23}.Release|Any CPU.ActiveCfg = Release|Any CPU
		{019FE2E8-E735-4064-940E-6413B6CF1E23}.Release|Any CPU.Build.0 = Release|Any CPU
		{4A8A4CBA-EDB6-49EE-A518-FD68CD3934DE}.Debug|Any CPU.ActiveCfg = Debug|Any CPU
		{4A8A4CBA-EDB6-49EE-A518-FD68CD3934DE}.Debug|Any CPU.Build.0 = Debug|Any CPU
		{4A8A4CBA-EDB6-49EE-A518-FD68CD3934DE}.Release|Any CPU.ActiveCfg = Release|Any CPU
		{4A8A4CBA-EDB6-49EE-A518-FD68CD3934DE}.Release|Any CPU.Build.0 = Release|Any CPU
	EndGlobalSection
	GlobalSection(SolutionProperties) = preSolution
		HideSolutionNode = FALSE
	EndGlobalSection
	GlobalSection(ExtensibilityGlobals) = postSolution
		SolutionGuid = {BC6A3829-66D2-450A-8665-F18EF254C739}
	EndGlobalSection
EndGlobal
